
Microsoft Visual Studio Solution File, Format Version 12.00
Project("{FAE04EC0-301F-11D3-BF4B-00C04F79EFBC}") = "Ducky", "src\library\Ducky\Ducky.csproj", "{0A92998E-BBA5-458F-9F07-C47488591724}"
EndProject
Project("{FAE04EC0-301F-11D3-BF4B-00C04F79EFBC}") = "Ducky.Blazor", "src\library\Ducky.Blazor\Ducky.Blazor.csproj", "{89F851E2-1BFC-40F6-9425-4028FEF3C4DD}"
EndProject
Project("{FAE04EC0-301F-11D3-BF4B-00C04F79EFBC}") = "Ducky.Tests", "src\tests\Ducky.Tests\Ducky.Tests.csproj", "{AC7B359A-5EDB-4B21-A360-319A18916AE2}"
EndProject
Project("{FAE04EC0-301F-11D3-BF4B-00C04F79EFBC}") = "AppStore.Tests", "src\tests\AppStore.Tests\AppStore.Tests.csproj", "{90EA333A-2CD1-411F-855F-82EAF350E889}"
EndProject
Project("{2150E333-8FDC-42A3-9474-1A3956D46DE8}") = "demo", "demo", "{37F515BB-17BC-42A3-B888-8EEBD6AEB54E}"
EndProject
Project("{2150E333-8FDC-42A3-9474-1A3956D46DE8}") = "library", "library", "{FF46F5B6-15DB-4167-B156-BC4F2575D176}"
EndProject
Project("{2150E333-8FDC-42A3-9474-1A3956D46DE8}") = "tests", "tests", "{0382DEA0-DBC6-45F5-AE75-AF8E83B990B5}"
EndProject
Project("{9A19103F-16F7-4668-BE54-9A1E7A4F7556}") = "_build", "build\_build.csproj", "{0C7AEC38-8021-4F57-8C10-E6EBC67658D7}"
EndProject
Project("{FAE04EC0-301F-11D3-BF4B-00C04F79EFBC}") = "Demo.BlazorWasm", "src\demo\Demo.BlazorWasm\Demo.BlazorWasm.csproj", "{59734C8C-AB13-4B88-98C9-7BE748E8C60E}"
EndProject
Project("{FAE04EC0-301F-11D3-BF4B-00C04F79EFBC}") = "Ducky.Generator", "src\library\Ducky.Generator\Ducky.Generator.csproj", "{BCD15730-027D-4D3C-A279-3D2AE9619C3D}"
EndProject
Project("{FAE04EC0-301F-11D3-BF4B-00C04F79EFBC}") = "Ducky.Generator.Tests", "src\tests\Ducky.Generator.Tests\Ducky.Generator.Tests.csproj", "{F9F758E7-0A8A-44DD-9E6D-C041D2A4EF97}"
EndProject
Project("{2150E333-8FDC-42A3-9474-1A3956D46DE8}") = "src", "src", "{C494976D-DD80-49A1-99C1-EBA8D43CFE7F}"
EndProject
Project("{FAE04EC0-301F-11D3-BF4B-00C04F79EFBC}") = "Demo.ConsoleApp", "src\demo\Demo.ConsoleApp\Demo.ConsoleApp.csproj", "{87FA47E0-E278-45BA-B485-9068A54A274D}"
EndProject
Global
	GlobalSection(SolutionConfigurationPlatforms) = preSolution
		Debug|Any CPU = Debug|Any CPU
		Release|Any CPU = Release|Any CPU
	EndGlobalSection
	GlobalSection(ProjectConfigurationPlatforms) = postSolution
		{0C7AEC38-8021-4F57-8C10-E6EBC67658D7}.Debug|Any CPU.ActiveCfg = Debug|Any CPU
		{0C7AEC38-8021-4F57-8C10-E6EBC67658D7}.Release|Any CPU.ActiveCfg = Release|Any CPU
		{AC7B359A-5EDB-4B21-A360-319A18916AE2}.Debug|Any CPU.ActiveCfg = Debug|Any CPU
		{AC7B359A-5EDB-4B21-A360-319A18916AE2}.Debug|Any CPU.Build.0 = Debug|Any CPU
		{AC7B359A-5EDB-4B21-A360-319A18916AE2}.Release|Any CPU.ActiveCfg = Release|Any CPU
		{AC7B359A-5EDB-4B21-A360-319A18916AE2}.Release|Any CPU.Build.0 = Release|Any CPU
		{0A92998E-BBA5-458F-9F07-C47488591724}.Debug|Any CPU.ActiveCfg = Debug|Any CPU
		{0A92998E-BBA5-458F-9F07-C47488591724}.Debug|Any CPU.Build.0 = Debug|Any CPU
		{0A92998E-BBA5-458F-9F07-C47488591724}.Release|Any CPU.ActiveCfg = Release|Any CPU
		{0A92998E-BBA5-458F-9F07-C47488591724}.Release|Any CPU.Build.0 = Release|Any CPU
		{89F851E2-1BFC-40F6-9425-4028FEF3C4DD}.Debug|Any CPU.ActiveCfg = Debug|Any CPU
		{89F851E2-1BFC-40F6-9425-4028FEF3C4DD}.Debug|Any CPU.Build.0 = Debug|Any CPU
		{89F851E2-1BFC-40F6-9425-4028FEF3C4DD}.Release|Any CPU.ActiveCfg = Release|Any CPU
		{89F851E2-1BFC-40F6-9425-4028FEF3C4DD}.Release|Any CPU.Build.0 = Release|Any CPU
		{90EA333A-2CD1-411F-855F-82EAF350E889}.Debug|Any CPU.ActiveCfg = Debug|Any CPU
		{90EA333A-2CD1-411F-855F-82EAF350E889}.Debug|Any CPU.Build.0 = Debug|Any CPU
		{90EA333A-2CD1-411F-855F-82EAF350E889}.Release|Any CPU.ActiveCfg = Release|Any CPU
		{90EA333A-2CD1-411F-855F-82EAF350E889}.Release|Any CPU.Build.0 = Release|Any CPU
		{59734C8C-AB13-4B88-98C9-7BE748E8C60E}.Debug|Any CPU.ActiveCfg = Debug|Any CPU
		{59734C8C-AB13-4B88-98C9-7BE748E8C60E}.Debug|Any CPU.Build.0 = Debug|Any CPU
		{59734C8C-AB13-4B88-98C9-7BE748E8C60E}.Release|Any CPU.ActiveCfg = Release|Any CPU
		{59734C8C-AB13-4B88-98C9-7BE748E8C60E}.Release|Any CPU.Build.0 = Release|Any CPU
		{BCD15730-027D-4D3C-A279-3D2AE9619C3D}.Debug|Any CPU.ActiveCfg = Debug|Any CPU
		{BCD15730-027D-4D3C-A279-3D2AE9619C3D}.Debug|Any CPU.Build.0 = Debug|Any CPU
		{BCD15730-027D-4D3C-A279-3D2AE9619C3D}.Release|Any CPU.ActiveCfg = Release|Any CPU
		{BCD15730-027D-4D3C-A279-3D2AE9619C3D}.Release|Any CPU.Build.0 = Release|Any CPU
		{F9F758E7-0A8A-44DD-9E6D-C041D2A4EF97}.Debug|Any CPU.ActiveCfg = Debug|Any CPU
		{F9F758E7-0A8A-44DD-9E6D-C041D2A4EF97}.Debug|Any CPU.Build.0 = Debug|Any CPU
		{F9F758E7-0A8A-44DD-9E6D-C041D2A4EF97}.Release|Any CPU.ActiveCfg = Release|Any CPU
		{F9F758E7-0A8A-44DD-9E6D-C041D2A4EF97}.Release|Any CPU.Build.0 = Release|Any CPU
		{87FA47E0-E278-45BA-B485-9068A54A274D}.Debug|Any CPU.ActiveCfg = Debug|Any CPU
		{87FA47E0-E278-45BA-B485-9068A54A274D}.Debug|Any CPU.Build.0 = Debug|Any CPU
		{87FA47E0-E278-45BA-B485-9068A54A274D}.Release|Any CPU.ActiveCfg = Release|Any CPU
		{87FA47E0-E278-45BA-B485-9068A54A274D}.Release|Any CPU.Build.0 = Release|Any CPU
	EndGlobalSection
	GlobalSection(NestedProjects) = preSolution
		{AC7B359A-5EDB-4B21-A360-319A18916AE2} = {0382DEA0-DBC6-45F5-AE75-AF8E83B990B5}
		{90EA333A-2CD1-411F-855F-82EAF350E889} = {0382DEA0-DBC6-45F5-AE75-AF8E83B990B5}
		{59734C8C-AB13-4B88-98C9-7BE748E8C60E} = {37F515BB-17BC-42A3-B888-8EEBD6AEB54E}
		{89F851E2-1BFC-40F6-9425-4028FEF3C4DD} = {FF46F5B6-15DB-4167-B156-BC4F2575D176}
		{0A92998E-BBA5-458F-9F07-C47488591724} = {FF46F5B6-15DB-4167-B156-BC4F2575D176}
		{BCD15730-027D-4D3C-A279-3D2AE9619C3D} = {FF46F5B6-15DB-4167-B156-BC4F2575D176}
		{F9F758E7-0A8A-44DD-9E6D-C041D2A4EF97} = {0382DEA0-DBC6-45F5-AE75-AF8E83B990B5}
		{37F515BB-17BC-42A3-B888-8EEBD6AEB54E} = {C494976D-DD80-49A1-99C1-EBA8D43CFE7F}
		{FF46F5B6-15DB-4167-B156-BC4F2575D176} = {C494976D-DD80-49A1-99C1-EBA8D43CFE7F}
		{0382DEA0-DBC6-45F5-AE75-AF8E83B990B5} = {C494976D-DD80-49A1-99C1-EBA8D43CFE7F}
		{87FA47E0-E278-45BA-B485-9068A54A274D} = {37F515BB-17BC-42A3-B888-8EEBD6AEB54E}
	EndGlobalSection
EndGlobal
