{
  "version": 2,
  "dependencies": {
    "net10.0": {
      "Microsoft.AspNetCore.App.Internal.Assets": {
        "type": "Direct",
        "requested": "[10.0.12, )",
        "resolved": "10.0.12",
        "contentHash": "+sIBo9AMBZH46qHWHQdfzcGMt+RuBaPYrUMOAM9VjA7MQ9QtIez3lq1C3E05+Yroa94KKt3DSWaxmCI4H28a9Q=="
      },
      "Microsoft.AspNetCore.Components.WebAssembly.Server": {
        "type": "Direct",
        "requested": "[10.0.12, )",
        "resolved": "10.0.12",
        "contentHash": "G/+1rd0e/oUtEt8z08YSl5kbK1xzbYXN1AbhSmew9BK16yowT62agw/ty0EGFVlUT6zMqMRKTxEvDj8COmqebQ==",
        "dependencies": {
          "Microsoft.AspNetCore.Components.WebAssembly": "10.0.12"
        }
      },
      "MinVer": {
        "type": "Direct",
        "requested": "[8.0.0, )",
        "resolved": "8.0.0",
        "contentHash": "AJy/KVjXgUbgjf6HiI8wAk4DSSq0SCmvXQF8aU6IB+pnIQq+YJvofvMczug2hqO8yEvnQY557ryew66KPpyCsA=="
      },
      "Microsoft.JSInterop.WebAssembly": {
        "type": "Transitive",
        "resolved": "10.0.12",
        "contentHash": "v8A9+3yOF6yD2nJzkDyINlkWxiB6ufCutO4Tgo3edn+CyI2WdstA8VzXy7sJrbtB+OaTfUZdaBET2JMMWuJyig=="
      },
      "client": {
        "type": "Project",
        "dependencies": {
          "Microsoft.AspNetCore.Components.WebAssembly": "[10.0.12, )",
          "Microsoft.AspNetCore.Components.WebAssembly.Authentication": "[10.0.12, )",
          "Microsoft.Authentication.WebAssembly.Msal": "[10.0.12, )"
        }
      },
      "Microsoft.AspNetCore.Components.WebAssembly": {
        "type": "CentralTransitive",
        "requested": "[10.0.12, )",
        "resolved": "10.0.12",
        "contentHash": "/IEbzyCnW0t+1ZQcxcV3Aj65gus2ILsUaA8U0rnkSGRQbKlJxr/5YOifOLq0eLrM0m3kXEV/A3iEwrqT3tgwiw==",
        "dependencies": {
          "Microsoft.JSInterop.WebAssembly": "10.0.12"
        }
      },
      "Microsoft.AspNetCore.Components.WebAssembly.Authentication": {
        "type": "CentralTransitive",
        "requested": "[10.0.12, )",
        "resolved": "10.0.12",
        "contentHash": "CuhCSaAZMfOm1ZxrYIArTsV+a0p42eEjyaSDpaAJfVZZAGldMcAA3U4DrmzmiSd51Aq4HpyiPTfck2u1g1q5Fw=="
      },
      "Microsoft.Authentication.WebAssembly.Msal": {
        "type": "CentralTransitive",
        "requested": "[10.0.12, )",
        "resolved": "10.0.12",
        "contentHash": "7Z0CmuE9PkJ5jrexBdNegxJMO48aqIFKl/fol2MoC+XOmdiImi62kjvEESttOHyCUBSXvdWMBEU+/CWa0RN/gg==",
        "dependencies": {
          "Microsoft.AspNetCore.Components.WebAssembly.Authentication": "10.0.12"
        }
      }
    }
  }
}